
Microsoft Visual Studio Solution File, Format Version 12.00
# Visual Studio 15
VisualStudioVersion = 15.0.28307.421
MinimumVisualStudioVersion = 10.0.40219.1
Project("{FAE04EC0-301F-11D3-BF4B-00C04F79EFBC}") = "GraMonolitycznie", "GraMonolitycznie\GraMonolitycznie.csproj", "{69A39FFD-D370-470C-A1DE-1BA903962692}"
EndProject
Project("{FAE04EC0-301F-11D3-BF4B-00C04F79EFBC}") = "GraProceduralnie", "GraProceduralnie\GraProceduralnie.csproj", "{25145668-33E2-4A86-A1D4-480068BFB921}"
EndProject
Project("{FAE04EC0-301F-11D3-BF4B-00C04F79EFBC}") = "ModelGry", "ModelGry\ModelGry.csproj", "{C34B0EE3-4F01-417A-AC62-D3CB5F4D583A}"
EndProject
Project("{FAE04EC0-301F-11D3-BF4B-00C04F79EFBC}") = "UnitTestProjectModelGry", "UnitTestProjectModelGry\UnitTestProjectModelGry.csproj", "{B201FFD0-4380-41B4-92A2-204C6B070951}"
EndProject
Global
	GlobalSection(SolutionConfigurationPlatforms) = preSolution
		Debug|Any CPU = Debug|Any CPU
		Release|Any CPU = Release|Any CPU
	EndGlobalSection
	GlobalSection(ProjectConfigurationPlatforms) = postSolution
		{69A39FFD-D370-470C-A1DE-1BA903962692}.Debug|Any CPU.ActiveCfg = Debug|Any CPU
		{69A39FFD-D370-470C-A1DE-1BA903962692}.Debug|Any CPU.Build.0 = Debug|Any CPU
		{69A39FFD-D370-470C-A1DE-1BA903962692}.Release|Any CPU.ActiveCfg = Release|Any CPU
		{69A39FFD-D370-470C-A1DE-1BA903962692}.Release|Any CPU.Build.0 = Release|Any CPU
		{25145668-33E2-4A86-A1D4-480068BFB921}.Debug|Any CPU.ActiveCfg = Debug|Any CPU
		{25145668-33E2-4A86-A1D4-480068BFB921}.Debug|Any CPU.Build.0 = Debug|Any CPU
		{25145668-33E2-4A86-A1D4-480068BFB921}.Release|Any CPU.ActiveCfg = Release|Any CPU
		{25145668-33E2-4A86-A1D4-480068BFB921}.Release|Any CPU.Build.0 = Release|Any CPU
		{C34B0EE3-4F01-417A-AC62-D3CB5F4D583A}.Debug|Any CPU.ActiveCfg = Debug|Any CPU
		{C34B0EE3-4F01-417A-AC62-D3CB5F4D583A}.Debug|Any CPU.Build.0 = Debug|Any CPU
		{C34B0EE3-4F01-417A-AC62-D3CB5F4D583A}.Release|Any CPU.ActiveCfg = Release|Any CPU
		{C34B0EE3-4F01-417A-AC62-D3CB5F4D583A}.Release|Any CPU.Build.0 = Release|Any CPU
		{B201FFD0-4380-41B4-92A2-204C6B070951}.Debug|Any CPU.ActiveCfg = Debug|Any CPU
		{B201FFD0-4380-41B4-92A2-204C6B070951}.Debug|Any CPU.Build.0 = Debug|Any CPU
		{B201FFD0-4380-41B4-92A2-204C6B070951}.Release|Any CPU.ActiveCfg = Release|Any CPU
		{B201FFD0-4380-41B4-92A2-204C6B070951}.Release|Any CPU.Build.0 = Release|Any CPU
	EndGlobalSection
	GlobalSection(SolutionProperties) = preSolution
		HideSolutionNode = FALSE
	EndGlobalSection
	GlobalSection(ExtensibilityGlobals) = postSolution
		SolutionGuid = {C64184BB-ACA0-405F-9F24-EAEF44122CE8}
	EndGlobalSection
EndGlobal
