
Microsoft Visual Studio Solution File, Format Version 12.00
# Visual Studio 15
VisualStudioVersion = 15.0.28010.2041
MinimumVisualStudioVersion = 10.0.40219.1
Project("{FAE04EC0-301F-11D3-BF4B-00C04F79EFBC}") = "GraMonolitycznie", "GraMonolitycznie\GraMonolitycznie.csproj", "{91EDB98D-8791-4C82-9BD1-92A09DF2BFB3}"
EndProject
Project("{FAE04EC0-301F-11D3-BF4B-00C04F79EFBC}") = "GraProceduralnie", "GraProceduralnie\GraProceduralnie.csproj", "{9F560DC3-EE1A-4484-9A9F-D4B592993300}"
EndProject
Project("{9A19103F-16F7-4668-BE54-9A1E7A4F7556}") = "ModelGry", "ModelGry\ModelGry.csproj", "{BA0108DA-76F0-49FC-9384-B0EC21FDBB76}"
EndProject
Project("{FAE04EC0-301F-11D3-BF4B-00C04F79EFBC}") = "UnitTestProjectModelGry", "UnitTestProjectModelGry\UnitTestProjectModelGry.csproj", "{21664FBB-26E3-4160-8A50-26097C469E95}"
EndProject
Project("{FAE04EC0-301F-11D3-BF4B-00C04F79EFBC}") = "GraGUI", "GraGUI\GraGUI.csproj", "{30240AAD-2070-406F-9DA3-A57A20F9A434}"
EndProject
Global
	GlobalSection(SolutionConfigurationPlatforms) = preSolution
		Debug|Any CPU = Debug|Any CPU
		Release|Any CPU = Release|Any CPU
	EndGlobalSection
	GlobalSection(ProjectConfigurationPlatforms) = postSolution
		{91EDB98D-8791-4C82-9BD1-92A09DF2BFB3}.Debug|Any CPU.ActiveCfg = Debug|Any CPU
		{91EDB98D-8791-4C82-9BD1-92A09DF2BFB3}.Debug|Any CPU.Build.0 = Debug|Any CPU
		{91EDB98D-8791-4C82-9BD1-92A09DF2BFB3}.Release|Any CPU.ActiveCfg = Release|Any CPU
		{91EDB98D-8791-4C82-9BD1-92A09DF2BFB3}.Release|Any CPU.Build.0 = Release|Any CPU
		{9F560DC3-EE1A-4484-9A9F-D4B592993300}.Debug|Any CPU.ActiveCfg = Debug|Any CPU
		{9F560DC3-EE1A-4484-9A9F-D4B592993300}.Debug|Any CPU.Build.0 = Debug|Any CPU
		{9F560DC3-EE1A-4484-9A9F-D4B592993300}.Release|Any CPU.ActiveCfg = Release|Any CPU
		{9F560DC3-EE1A-4484-9A9F-D4B592993300}.Release|Any CPU.Build.0 = Release|Any CPU
		{BA0108DA-76F0-49FC-9384-B0EC21FDBB76}.Debug|Any CPU.ActiveCfg = Debug|Any CPU
		{BA0108DA-76F0-49FC-9384-B0EC21FDBB76}.Debug|Any CPU.Build.0 = Debug|Any CPU
		{BA0108DA-76F0-49FC-9384-B0EC21FDBB76}.Release|Any CPU.ActiveCfg = Release|Any CPU
		{BA0108DA-76F0-49FC-9384-B0EC21FDBB76}.Release|Any CPU.Build.0 = Release|Any CPU
		{21664FBB-26E3-4160-8A50-26097C469E95}.Debug|Any CPU.ActiveCfg = Debug|Any CPU
		{21664FBB-26E3-4160-8A50-26097C469E95}.Debug|Any CPU.Build.0 = Debug|Any CPU
		{21664FBB-26E3-4160-8A50-26097C469E95}.Release|Any CPU.ActiveCfg = Release|Any CPU
		{21664FBB-26E3-4160-8A50-26097C469E95}.Release|Any CPU.Build.0 = Release|Any CPU
		{30240AAD-2070-406F-9DA3-A57A20F9A434}.Debug|Any CPU.ActiveCfg = Debug|Any CPU
		{30240AAD-2070-406F-9DA3-A57A20F9A434}.Debug|Any CPU.Build.0 = Debug|Any CPU
		{30240AAD-2070-406F-9DA3-A57A20F9A434}.Release|Any CPU.ActiveCfg = Release|Any CPU
		{30240AAD-2070-406F-9DA3-A57A20F9A434}.Release|Any CPU.Build.0 = Release|Any CPU
	EndGlobalSection
	GlobalSection(SolutionProperties) = preSolution
		HideSolutionNode = FALSE
	EndGlobalSection
	GlobalSection(ExtensibilityGlobals) = postSolution
		SolutionGuid = {55F93D8B-E00D-43E4-BCF0-552CF34C3F5D}
	EndGlobalSection
EndGlobal
